
Microsoft Visual Studio Solution File, Format Version 12.00
# Visual Studio 15
VisualStudioVersion = 15.0.28307.271
MinimumVisualStudioVersion = 10.0.40219.1
Project("{9A19103F-16F7-4668-BE54-9A1E7A4F7556}") = "JsonNetExtension", "JsonNetExtension\JsonNetExtension.csproj", "{45EFFFF5-563D-4217-9EAC-4E6344755F3B}"
EndProject
Project("{2150E333-8FDC-42A3-9474-1A3956D46DE8}") = "Tests", "Tests", "{5514C01A-DCD9-4167-AFF2-331D8F07AB7C}"
EndProject
Project("{FAE04EC0-301F-11D3-BF4B-00C04F79EFBC}") = "JsonNetExtension.Tests", "JsonNetExtension.Tests\JsonNetExtension.Tests.csproj", "{208A9583-4359-4685-8909-268FB4096776}"
EndProject
Global
	GlobalSection(SolutionConfigurationPlatforms) = preSolution
		Debug|Any CPU = Debug|Any CPU
		Release|Any CPU = Release|Any CPU
	EndGlobalSection
	GlobalSection(ProjectConfigurationPlatforms) = postSolution
		{45EFFFF5-563D-4217-9EAC-4E6344755F3B}.Debug|Any CPU.ActiveCfg = Debug|Any CPU
		{45EFFFF5-563D-4217-9EAC-4E6344755F3B}.Debug|Any CPU.Build.0 = Debug|Any CPU
		{45EFFFF5-563D-4217-9EAC-4E6344755F3B}.Release|Any CPU.ActiveCfg = Release|Any CPU
		{45EFFFF5-563D-4217-9EAC-4E6344755F3B}.Release|Any CPU.Build.0 = Release|Any CPU
		{208A9583-4359-4685-8909-268FB4096776}.Debug|Any CPU.ActiveCfg = Debug|Any CPU
		{208A9583-4359-4685-8909-268FB4096776}.Debug|Any CPU.Build.0 = Debug|Any CPU
		{208A9583-4359-4685-8909-268FB4096776}.Release|Any CPU.ActiveCfg = Release|Any CPU
		{208A9583-4359-4685-8909-268FB4096776}.Release|Any CPU.Build.0 = Release|Any CPU
	EndGlobalSection
	GlobalSection(SolutionProperties) = preSolution
		HideSolutionNode = FALSE
	EndGlobalSection
	GlobalSection(NestedProjects) = preSolution
		{208A9583-4359-4685-8909-268FB4096776} = {5514C01A-DCD9-4167-AFF2-331D8F07AB7C}
	EndGlobalSection
	GlobalSection(ExtensibilityGlobals) = postSolution
		SolutionGuid = {B9925977-DEE2-4B50-A3D4-21AA767CA932}
	EndGlobalSection
EndGlobal
